
Microsoft Visual Studio Solution File, Format Version 12.00
# Visual Studio Version 16
VisualStudioVersion = 16.0.30204.135
MinimumVisualStudioVersion = 10.0.40219.1
Project("{FAE04EC0-301F-11D3-BF4B-00C04F79EFBC}") = "AppMessagerie", "AppMessagerie\AppMessagerie.csproj", "{5E54A4FB-08BF-4BEF-95C4-88AD3B9F7607}"
EndProject
Global
	GlobalSection(SolutionConfigurationPlatforms) = preSolution
		Debug|Any CPU = Debug|Any CPU
		Release|Any CPU = Release|Any CPU
	EndGlobalSection
	GlobalSection(ProjectConfigurationPlatforms) = postSolution
		{5E54A4FB-08BF-4BEF-95C4-88AD3B9F7607}.Debug|Any CPU.ActiveCfg = Debug|Any CPU
		{5E54A4FB-08BF-4BEF-95C4-88AD3B9F7607}.Debug|Any CPU.Build.0 = Debug|Any CPU
		{5E54A4FB-08BF-4BEF-95C4-88AD3B9F7607}.Release|Any CPU.ActiveCfg = Release|Any CPU
		{5E54A4FB-08BF-4BEF-95C4-88AD3B9F7607}.Release|Any CPU.Build.0 = Release|Any CPU
	EndGlobalSection
	GlobalSection(SolutionProperties) = preSolution
		HideSolutionNode = FALSE
	EndGlobalSection
	GlobalSection(ExtensibilityGlobals) = postSolution
		SolutionGuid = {50EBE6A1-4EC7-4FC7-86E3-0BF6C8B89D65}
	EndGlobalSection
EndGlobal
